
Microsoft Visual Studio Solution File, Format Version 12.00
# Visual Studio Version 17
VisualStudioVersion = 17.5.33424.131
MinimumVisualStudioVersion = 10.0.40219.1
Project("{9A19103F-16F7-4668-BE54-9A1E7A4F7556}") = "APiVersioningRateLimit", "APiVersioningRateLimit\APiVersioningRateLimit.csproj", "{8859C807-F325-49A8-A797-90FC397C3EC7}"
EndProject
Project("{9A19103F-16F7-4668-BE54-9A1E7A4F7556}") = "CsharpFeatures", "CsharpFeatures\CsharpFeatures.csproj", "{E1560D4C-A024-40B0-9E87-6BFAE8C04841}"
EndProject
Project("{FAE04EC0-301F-11D3-BF4B-00C04F79EFBC}") = "EFInserts.EFCore6", "EFInserts.EFCore6\EFInserts.EFCore6.csproj", "{C81868B6-20EA-45A9-924C-7689684B9CE4}"
EndProject
Project("{FAE04EC0-301F-11D3-BF4B-00C04F79EFBC}") = "EFInserts.EFCore7", "EFInserts.EFCore7\EFInserts.EFCore7.csproj", "{10702E2D-203E-4DB8-84E5-8D12DB42839B}"
EndProject
Project("{FAE04EC0-301F-11D3-BF4B-00C04F79EFBC}") = "EFCore.CompiledQuery.Benchmark", "EFCore.CompileddQuery.Benchmark\EFCore.CompiledQuery.Benchmark.csproj", "{23EBF393-5E89-4276-8747-6CAEACBFCBA6}"
EndProject
Global
	GlobalSection(SolutionConfigurationPlatforms) = preSolution
		Debug|Any CPU = Debug|Any CPU
		Release|Any CPU = Release|Any CPU
	EndGlobalSection
	GlobalSection(ProjectConfigurationPlatforms) = postSolution
		{8859C807-F325-49A8-A797-90FC397C3EC7}.Debug|Any CPU.ActiveCfg = Debug|Any CPU
		{8859C807-F325-49A8-A797-90FC397C3EC7}.Debug|Any CPU.Build.0 = Debug|Any CPU
		{8859C807-F325-49A8-A797-90FC397C3EC7}.Release|Any CPU.ActiveCfg = Release|Any CPU
		{8859C807-F325-49A8-A797-90FC397C3EC7}.Release|Any CPU.Build.0 = Release|Any CPU
		{E1560D4C-A024-40B0-9E87-6BFAE8C04841}.Debug|Any CPU.ActiveCfg = Debug|Any CPU
		{E1560D4C-A024-40B0-9E87-6BFAE8C04841}.Debug|Any CPU.Build.0 = Debug|Any CPU
		{E1560D4C-A024-40B0-9E87-6BFAE8C04841}.Release|Any CPU.ActiveCfg = Release|Any CPU
		{E1560D4C-A024-40B0-9E87-6BFAE8C04841}.Release|Any CPU.Build.0 = Release|Any CPU
		{C81868B6-20EA-45A9-924C-7689684B9CE4}.Debug|Any CPU.ActiveCfg = Debug|Any CPU
		{C81868B6-20EA-45A9-924C-7689684B9CE4}.Debug|Any CPU.Build.0 = Debug|Any CPU
		{C81868B6-20EA-45A9-924C-7689684B9CE4}.Release|Any CPU.ActiveCfg = Release|Any CPU
		{C81868B6-20EA-45A9-924C-7689684B9CE4}.Release|Any CPU.Build.0 = Release|Any CPU
		{10702E2D-203E-4DB8-84E5-8D12DB42839B}.Debug|Any CPU.ActiveCfg = Debug|Any CPU
		{10702E2D-203E-4DB8-84E5-8D12DB42839B}.Debug|Any CPU.Build.0 = Debug|Any CPU
		{10702E2D-203E-4DB8-84E5-8D12DB42839B}.Release|Any CPU.ActiveCfg = Release|Any CPU
		{10702E2D-203E-4DB8-84E5-8D12DB42839B}.Release|Any CPU.Build.0 = Release|Any CPU
		{23EBF393-5E89-4276-8747-6CAEACBFCBA6}.Debug|Any CPU.ActiveCfg = Debug|Any CPU
		{23EBF393-5E89-4276-8747-6CAEACBFCBA6}.Debug|Any CPU.Build.0 = Debug|Any CPU
		{23EBF393-5E89-4276-8747-6CAEACBFCBA6}.Release|Any CPU.ActiveCfg = Release|Any CPU
		{23EBF393-5E89-4276-8747-6CAEACBFCBA6}.Release|Any CPU.Build.0 = Release|Any CPU
	EndGlobalSection
	GlobalSection(SolutionProperties) = preSolution
		HideSolutionNode = FALSE
	EndGlobalSection
	GlobalSection(ExtensibilityGlobals) = postSolution
		SolutionGuid = {2E47F90E-25A6-4ED3-986E-4855927C111A}
	EndGlobalSection
EndGlobal
