
Microsoft Visual Studio Solution File, Format Version 12.00
# Visual Studio Version 17
VisualStudioVersion = 17.5.33424.131
MinimumVisualStudioVersion = 10.0.40219.1
Project("{9A19103F-16F7-4668-BE54-9A1E7A4F7556}") = "APiVersioningRateLimit", "APiVersioningRateLimit\APiVersioningRateLimit.csproj", "{8859C807-F325-49A8-A797-90FC397C3EC7}"
EndProject
Project("{9A19103F-16F7-4668-BE54-9A1E7A4F7556}") = "CsharpFeatures", "CsharpFeatures\CsharpFeatures.csproj", "{E1560D4C-A024-40B0-9E87-6BFAE8C04841}"
EndProject
Project("{9A19103F-16F7-4668-BE54-9A1E7A4F7556}") = "EFInserts.EFCore6", "EFInserts.EFCore6\EFInserts.EFCore6.csproj", "{C81868B6-20EA-45A9-924C-7689684B9CE4}"
EndProject
Project("{9A19103F-16F7-4668-BE54-9A1E7A4F7556}") = "EFInserts.EFCore7", "EFInserts.EFCore7\EFInserts.EFCore7.csproj", "{10702E2D-203E-4DB8-84E5-8D12DB42839B}"
EndProject
Project("{9A19103F-16F7-4668-BE54-9A1E7A4F7556}") = "EFCore.CompiledQuery.Benchmark", "EFCore.CompileddQuery.Benchmark\EFCore.CompiledQuery.Benchmark.csproj", "{23EBF393-5E89-4276-8747-6CAEACBFCBA6}"
EndProject
Project("{2150E333-8FDC-42A3-9474-1A3956D46DE8}") = "JWT", "JWT", "{9C974D87-274B-4334-9E53-B667B998E8C3}"
EndProject
Project("{9A19103F-16F7-4668-BE54-9A1E7A4F7556}") = "TasksWebApi", "TasksWebApi\TasksWebApi.csproj", "{E8F21965-1CB7-42AD-B601-16938149BFD8}"
EndProject
Project("{9A19103F-16F7-4668-BE54-9A1E7A4F7556}") = "Tasks.BusinessLayer", "Tasks.BusinessLayer\Tasks.BusinessLayer.csproj", "{839237DE-7CBF-4DFD-A128-39AE72CB3E2D}"
EndProject
Project("{9A19103F-16F7-4668-BE54-9A1E7A4F7556}") = "ObjectMappings", "ObjectMappings\ObjectMappings.csproj", "{DA50768B-40DB-41F0-A304-7BEC47BE6460}"
EndProject
Project("{9A19103F-16F7-4668-BE54-9A1E7A4F7556}") = "BlazorServerPdf", "BlazorServerPdf\BlazorServerPdf.csproj", "{9272A08E-71E9-4D7E-BDAF-8E8D6DB704CB}"
EndProject
Project("{9A19103F-16F7-4668-BE54-9A1E7A4F7556}") = "MethodPerformance", "MethodPerformance\MethodPerformance.csproj", "{651F97B7-4B69-4579-9173-E7FB0DC5D0EF}"
EndProject
Project("{9A19103F-16F7-4668-BE54-9A1E7A4F7556}") = "AtlasMongoWithHealthChecks", "AtlasMongoWithHealthChecks\AtlasMongoWithHealthChecks.csproj", "{FF2D9920-E847-4000-A242-FBBC67579259}"
EndProject
Project("{9A19103F-16F7-4668-BE54-9A1E7A4F7556}") = "ObjectMappersBenchMark", "ObjectMappersBenchMark\ObjectMappersBenchMark.csproj", "{BD2A96DA-5E8E-4382-A5AE-80D2A2278A79}"
EndProject
Project("{9A19103F-16F7-4668-BE54-9A1E7A4F7556}") = "WebApiSecurity", "WebApiSecurity\WebApiSecurity.csproj", "{48C2FCF6-C3E0-4809-AB41-A1C579BD64DB}"
EndProject
Project("{9A19103F-16F7-4668-BE54-9A1E7A4F7556}") = "Identity.Api", "Identity.Api\Identity.Api.csproj", "{7C3D2354-BBD0-4668-9622-9C833E6F5F52}"
EndProject
Project("{FAE04EC0-301F-11D3-BF4B-00C04F79EFBC}") = "BackgroundWithDB", "BackgroundWithDB\BackgroundWithDB.csproj", "{40DF67C7-E28F-4D5E-A9AF-94AD83745922}"
EndProject
Global
	GlobalSection(SolutionConfigurationPlatforms) = preSolution
		Debug|Any CPU = Debug|Any CPU
		Release|Any CPU = Release|Any CPU
	EndGlobalSection
	GlobalSection(ProjectConfigurationPlatforms) = postSolution
		{8859C807-F325-49A8-A797-90FC397C3EC7}.Debug|Any CPU.ActiveCfg = Debug|Any CPU
		{8859C807-F325-49A8-A797-90FC397C3EC7}.Debug|Any CPU.Build.0 = Debug|Any CPU
		{8859C807-F325-49A8-A797-90FC397C3EC7}.Release|Any CPU.ActiveCfg = Release|Any CPU
		{8859C807-F325-49A8-A797-90FC397C3EC7}.Release|Any CPU.Build.0 = Release|Any CPU
		{E1560D4C-A024-40B0-9E87-6BFAE8C04841}.Debug|Any CPU.ActiveCfg = Debug|Any CPU
		{E1560D4C-A024-40B0-9E87-6BFAE8C04841}.Debug|Any CPU.Build.0 = Debug|Any CPU
		{E1560D4C-A024-40B0-9E87-6BFAE8C04841}.Release|Any CPU.ActiveCfg = Release|Any CPU
		{E1560D4C-A024-40B0-9E87-6BFAE8C04841}.Release|Any CPU.Build.0 = Release|Any CPU
		{C81868B6-20EA-45A9-924C-7689684B9CE4}.Debug|Any CPU.ActiveCfg = Debug|Any CPU
		{C81868B6-20EA-45A9-924C-7689684B9CE4}.Debug|Any CPU.Build.0 = Debug|Any CPU
		{C81868B6-20EA-45A9-924C-7689684B9CE4}.Release|Any CPU.ActiveCfg = Release|Any CPU
		{C81868B6-20EA-45A9-924C-7689684B9CE4}.Release|Any CPU.Build.0 = Release|Any CPU
		{10702E2D-203E-4DB8-84E5-8D12DB42839B}.Debug|Any CPU.ActiveCfg = Debug|Any CPU
		{10702E2D-203E-4DB8-84E5-8D12DB42839B}.Debug|Any CPU.Build.0 = Debug|Any CPU
		{10702E2D-203E-4DB8-84E5-8D12DB42839B}.Release|Any CPU.ActiveCfg = Release|Any CPU
		{10702E2D-203E-4DB8-84E5-8D12DB42839B}.Release|Any CPU.Build.0 = Release|Any CPU
		{23EBF393-5E89-4276-8747-6CAEACBFCBA6}.Debug|Any CPU.ActiveCfg = Debug|Any CPU
		{23EBF393-5E89-4276-8747-6CAEACBFCBA6}.Debug|Any CPU.Build.0 = Debug|Any CPU
		{23EBF393-5E89-4276-8747-6CAEACBFCBA6}.Release|Any CPU.ActiveCfg = Release|Any CPU
		{23EBF393-5E89-4276-8747-6CAEACBFCBA6}.Release|Any CPU.Build.0 = Release|Any CPU
		{E8F21965-1CB7-42AD-B601-16938149BFD8}.Debug|Any CPU.ActiveCfg = Debug|Any CPU
		{E8F21965-1CB7-42AD-B601-16938149BFD8}.Debug|Any CPU.Build.0 = Debug|Any CPU
		{E8F21965-1CB7-42AD-B601-16938149BFD8}.Release|Any CPU.ActiveCfg = Release|Any CPU
		{E8F21965-1CB7-42AD-B601-16938149BFD8}.Release|Any CPU.Build.0 = Release|Any CPU
		{839237DE-7CBF-4DFD-A128-39AE72CB3E2D}.Debug|Any CPU.ActiveCfg = Debug|Any CPU
		{839237DE-7CBF-4DFD-A128-39AE72CB3E2D}.Debug|Any CPU.Build.0 = Debug|Any CPU
		{839237DE-7CBF-4DFD-A128-39AE72CB3E2D}.Release|Any CPU.ActiveCfg = Release|Any CPU
		{839237DE-7CBF-4DFD-A128-39AE72CB3E2D}.Release|Any CPU.Build.0 = Release|Any CPU
		{DA50768B-40DB-41F0-A304-7BEC47BE6460}.Debug|Any CPU.ActiveCfg = Debug|Any CPU
		{DA50768B-40DB-41F0-A304-7BEC47BE6460}.Debug|Any CPU.Build.0 = Debug|Any CPU
		{DA50768B-40DB-41F0-A304-7BEC47BE6460}.Release|Any CPU.ActiveCfg = Release|Any CPU
		{DA50768B-40DB-41F0-A304-7BEC47BE6460}.Release|Any CPU.Build.0 = Release|Any CPU
		{9272A08E-71E9-4D7E-BDAF-8E8D6DB704CB}.Debug|Any CPU.ActiveCfg = Debug|Any CPU
		{9272A08E-71E9-4D7E-BDAF-8E8D6DB704CB}.Debug|Any CPU.Build.0 = Debug|Any CPU
		{9272A08E-71E9-4D7E-BDAF-8E8D6DB704CB}.Release|Any CPU.ActiveCfg = Release|Any CPU
		{9272A08E-71E9-4D7E-BDAF-8E8D6DB704CB}.Release|Any CPU.Build.0 = Release|Any CPU
		{651F97B7-4B69-4579-9173-E7FB0DC5D0EF}.Debug|Any CPU.ActiveCfg = Debug|Any CPU
		{651F97B7-4B69-4579-9173-E7FB0DC5D0EF}.Debug|Any CPU.Build.0 = Debug|Any CPU
		{651F97B7-4B69-4579-9173-E7FB0DC5D0EF}.Release|Any CPU.ActiveCfg = Release|Any CPU
		{651F97B7-4B69-4579-9173-E7FB0DC5D0EF}.Release|Any CPU.Build.0 = Release|Any CPU
		{FF2D9920-E847-4000-A242-FBBC67579259}.Debug|Any CPU.ActiveCfg = Debug|Any CPU
		{FF2D9920-E847-4000-A242-FBBC67579259}.Debug|Any CPU.Build.0 = Debug|Any CPU
		{FF2D9920-E847-4000-A242-FBBC67579259}.Release|Any CPU.ActiveCfg = Release|Any CPU
		{FF2D9920-E847-4000-A242-FBBC67579259}.Release|Any CPU.Build.0 = Release|Any CPU
		{BD2A96DA-5E8E-4382-A5AE-80D2A2278A79}.Debug|Any CPU.ActiveCfg = Debug|Any CPU
		{BD2A96DA-5E8E-4382-A5AE-80D2A2278A79}.Debug|Any CPU.Build.0 = Debug|Any CPU
		{BD2A96DA-5E8E-4382-A5AE-80D2A2278A79}.Release|Any CPU.ActiveCfg = Release|Any CPU
		{BD2A96DA-5E8E-4382-A5AE-80D2A2278A79}.Release|Any CPU.Build.0 = Release|Any CPU
		{48C2FCF6-C3E0-4809-AB41-A1C579BD64DB}.Debug|Any CPU.ActiveCfg = Debug|Any CPU
		{48C2FCF6-C3E0-4809-AB41-A1C579BD64DB}.Debug|Any CPU.Build.0 = Debug|Any CPU
		{48C2FCF6-C3E0-4809-AB41-A1C579BD64DB}.Release|Any CPU.ActiveCfg = Release|Any CPU
		{48C2FCF6-C3E0-4809-AB41-A1C579BD64DB}.Release|Any CPU.Build.0 = Release|Any CPU
		{7C3D2354-BBD0-4668-9622-9C833E6F5F52}.Debug|Any CPU.ActiveCfg = Debug|Any CPU
		{7C3D2354-BBD0-4668-9622-9C833E6F5F52}.Debug|Any CPU.Build.0 = Debug|Any CPU
		{7C3D2354-BBD0-4668-9622-9C833E6F5F52}.Release|Any CPU.ActiveCfg = Release|Any CPU
		{7C3D2354-BBD0-4668-9622-9C833E6F5F52}.Release|Any CPU.Build.0 = Release|Any CPU
		{40DF67C7-E28F-4D5E-A9AF-94AD83745922}.Debug|Any CPU.ActiveCfg = Debug|Any CPU
		{40DF67C7-E28F-4D5E-A9AF-94AD83745922}.Debug|Any CPU.Build.0 = Debug|Any CPU
		{40DF67C7-E28F-4D5E-A9AF-94AD83745922}.Release|Any CPU.ActiveCfg = Release|Any CPU
		{40DF67C7-E28F-4D5E-A9AF-94AD83745922}.Release|Any CPU.Build.0 = Release|Any CPU
	EndGlobalSection
	GlobalSection(SolutionProperties) = preSolution
		HideSolutionNode = FALSE
	EndGlobalSection
	GlobalSection(NestedProjects) = preSolution
		{E8F21965-1CB7-42AD-B601-16938149BFD8} = {9C974D87-274B-4334-9E53-B667B998E8C3}
		{839237DE-7CBF-4DFD-A128-39AE72CB3E2D} = {9C974D87-274B-4334-9E53-B667B998E8C3}
		{7C3D2354-BBD0-4668-9622-9C833E6F5F52} = {9C974D87-274B-4334-9E53-B667B998E8C3}
	EndGlobalSection
	GlobalSection(ExtensibilityGlobals) = postSolution
		SolutionGuid = {2E47F90E-25A6-4ED3-986E-4855927C111A}
	EndGlobalSection
EndGlobal
